// !$*UTF8*$!
{
	archiveVersion = 1;
	classes = {
	};
	objectVersion = 46;
	objects = {

/* Begin PBXBuildFile section */
		B384C63916EAFF0F0087F6A2 /* UIKit.framework in Frameworks */ = {isa = PBXBuildFile; fileRef = B384C63816EAFF0F0087F6A2 /* UIKit.framework */; };
		B384C63B16EAFF0F0087F6A2 /* Foundation.framework in Frameworks */ = {isa = PBXBuildFile; fileRef = B384C63A16EAFF0F0087F6A2 /* Foundation.framework */; };
		B384C63D16EAFF0F0087F6A2 /* CoreGraphics.framework in Frameworks */ = {isa = PBXBuildFile; fileRef = B384C63C16EAFF0F0087F6A2 /* CoreGraphics.framework */; };
		B384C64316EAFF0F0087F6A2 /* InfoPlist.strings in Resources */ = {isa = PBXBuildFile; fileRef = B384C64116EAFF0F0087F6A2 /* InfoPlist.strings */; };
		B384C64516EAFF0F0087F6A2 /* main.m in Sources */ = {isa = PBXBuildFile; fileRef = B384C64416EAFF0F0087F6A2 /* main.m */; };
		B384C64916EAFF100087F6A2 /* BGAppDelegate.m in Sources */ = {isa = PBXBuildFile; fileRef = B384C64816EAFF100087F6A2 /* BGAppDelegate.m */; };
		B384C64C16EAFF100087F6A2 /* MainStoryboard_iPhone.storyboard in Resources */ = {isa = PBXBuildFile; fileRef = B384C64A16EAFF100087F6A2 /* MainStoryboard_iPhone.storyboard */; };
		B384C65216EAFF100087F6A2 /* BGFirstViewController.m in Sources */ = {isa = PBXBuildFile; fileRef = B384C65116EAFF100087F6A2 /* BGFirstViewController.m */; };
		B384C66516EAFF100087F6A2 /* SenTestingKit.framework in Frameworks */ = {isa = PBXBuildFile; fileRef = B384C66416EAFF100087F6A2 /* SenTestingKit.framework */; };
		B384C66616EAFF100087F6A2 /* UIKit.framework in Frameworks */ = {isa = PBXBuildFile; fileRef = B384C63816EAFF0F0087F6A2 /* UIKit.framework */; };
		B384C66716EAFF100087F6A2 /* Foundation.framework in Frameworks */ = {isa = PBXBuildFile; fileRef = B384C63A16EAFF0F0087F6A2 /* Foundation.framework */; };
		B384C66F16EAFF100087F6A2 /* InfoPlist.strings in Resources */ = {isa = PBXBuildFile; fileRef = B384C66D16EAFF100087F6A2 /* InfoPlist.strings */; };
		B384C67216EAFF100087F6A2 /* BetterIPGWClientTests.m in Sources */ = {isa = PBXBuildFile; fileRef = B384C67116EAFF100087F6A2 /* BetterIPGWClientTests.m */; };
		B384C68116EB0EF20087F6A2 /* Icon.png in Resources */ = {isa = PBXBuildFile; fileRef = B384C68016EB0EF20087F6A2 /* Icon.png */; };
		B384C68316EB0EF50087F6A2 /* Icon@2x.png in Resources */ = {isa = PBXBuildFile; fileRef = B384C68216EB0EF50087F6A2 /* Icon@2x.png */; };
		B384C68916EB13FD0087F6A2 /* Icon-72.png in Resources */ = {isa = PBXBuildFile; fileRef = B384C68816EB13FD0087F6A2 /* Icon-72.png */; };
		B384C68B16EB14C70087F6A2 /* Icon-144.png in Resources */ = {isa = PBXBuildFile; fileRef = B384C68A16EB14C70087F6A2 /* Icon-144.png */; };
		B3A8874F16EB690F0050609D /* Icon-Small-50.png in Resources */ = {isa = PBXBuildFile; fileRef = B3A8874B16EB690E0050609D /* Icon-Small-50.png */; };
		B3A8875016EB690F0050609D /* Icon-Small.png in Resources */ = {isa = PBXBuildFile; fileRef = B3A8874C16EB690E0050609D /* Icon-Small.png */; };
		B3A8875116EB690F0050609D /* Icon-Small@2x.png in Resources */ = {isa = PBXBuildFile; fileRef = B3A8874D16EB690E0050609D /* Icon-Small@2x.png */; };
		B3A8875216EB690F0050609D /* iTunesArtwork in Resources */ = {isa = PBXBuildFile; fileRef = B3A8874E16EB690E0050609D /* iTunesArtwork */; };
		B3F6B8AF16EB274C00CF2B80 /* NSData+Base64.m in Sources */ = {isa = PBXBuildFile; fileRef = B3F6B89E16EB274C00CF2B80 /* NSData+Base64.m */; };
		B3F6B8B016EB274C00CF2B80 /* NSDate+RFC1123.m in Sources */ = {isa = PBXBuildFile; fileRef = B3F6B8A016EB274C00CF2B80 /* NSDate+RFC1123.m */; };
		B3F6B8B116EB274C00CF2B80 /* NSDictionary+RequestEncoding.m in Sources */ = {isa = PBXBuildFile; fileRef = B3F6B8A216EB274C00CF2B80 /* NSDictionary+RequestEncoding.m */; };
		B3F6B8B216EB274C00CF2B80 /* NSString+MKNetworkKitAdditions.m in Sources */ = {isa = PBXBuildFile; fileRef = B3F6B8A416EB274C00CF2B80 /* NSString+MKNetworkKitAdditions.m */; };
		B3F6B8B316EB274C00CF2B80 /* UIAlertView+MKNetworkKitAdditions.m in Sources */ = {isa = PBXBuildFile; fileRef = B3F6B8A616EB274C00CF2B80 /* UIAlertView+MKNetworkKitAdditions.m */; };
		B3F6B8B416EB274C00CF2B80 /* MKNetworkEngine.m in Sources */ = {isa = PBXBuildFile; fileRef = B3F6B8A816EB274C00CF2B80 /* MKNetworkEngine.m */; };
		B3F6B8B516EB274C00CF2B80 /* MKNetworkOperation.m in Sources */ = {isa = PBXBuildFile; fileRef = B3F6B8AB16EB274C00CF2B80 /* MKNetworkOperation.m */; };
		B3F6B8B616EB274C00CF2B80 /* Reachability.m in Sources */ = {isa = PBXBuildFile; fileRef = B3F6B8AE16EB274C00CF2B80 /* Reachability.m */; };
		B3F6B8B816EB279B00CF2B80 /* CFNetwork.framework in Frameworks */ = {isa = PBXBuildFile; fileRef = B3F6B8B716EB279B00CF2B80 /* CFNetwork.framework */; };
		B3F6B8BA16EB285700CF2B80 /* SystemConfiguration.framework in Frameworks */ = {isa = PBXBuildFile; fileRef = B3F6B8B916EB285600CF2B80 /* SystemConfiguration.framework */; };
		B3F6B8BC16EB286900CF2B80 /* Security.framework in Frameworks */ = {isa = PBXBuildFile; fileRef = B3F6B8BB16EB286900CF2B80 /* Security.framework */; };
		B3F6B8BF16EB2EDF00CF2B80 /* BGNetEngine.m in Sources */ = {isa = PBXBuildFile; fileRef = B3F6B8BE16EB2EDF00CF2B80 /* BGNetEngine.m */; };
/* End PBXBuildFile section */

/* Begin PBXContainerItemProxy section */
		B384C66816EAFF100087F6A2 /* PBXContainerItemProxy */ = {
			isa = PBXContainerItemProxy;
			containerPortal = B384C62B16EAFF0F0087F6A2 /* Project object */;
			proxyType = 1;
			remoteGlobalIDString = B384C63316EAFF0F0087F6A2;
			remoteInfo = BetterIPGWClient;
		};
/* End PBXContainerItemProxy section */

/* Begin PBXFileReference section */
		B384C63416EAFF0F0087F6A2 /* PKU Gateway.app */ = {isa = PBXFileReference; explicitFileType = wrapper.application; includeInIndex = 0; path = "PKU Gateway.app"; sourceTree = BUILT_PRODUCTS_DIR; };
		B384C63816EAFF0F0087F6A2 /* UIKit.framework */ = {isa = PBXFileReference; lastKnownFileType = wrapper.framework; name = UIKit.framework; path = System/Library/Frameworks/UIKit.framework; sourceTree = SDKROOT; };
		B384C63A16EAFF0F0087F6A2 /* Foundation.framework */ = {isa = PBXFileReference; lastKnownFileType = wrapper.framework; name = Foundation.framework; path = System/Library/Frameworks/Foundation.framework; sourceTree = SDKROOT; };
		B384C63C16EAFF0F0087F6A2 /* CoreGraphics.framework */ = {isa = PBXFileReference; lastKnownFileType = wrapper.framework; name = CoreGraphics.framework; path = System/Library/Frameworks/CoreGraphics.framework; sourceTree = SDKROOT; };
		B384C64016EAFF0F0087F6A2 /* BetterIPGWClient-Info.plist */ = {isa = PBXFileReference; lastKnownFileType = text.plist.xml; path = "BetterIPGWClient-Info.plist"; sourceTree = "<group>"; };
		B384C64216EAFF0F0087F6A2 /* en */ = {isa = PBXFileReference; lastKnownFileType = text.plist.strings; name = en; path = en.lproj/InfoPlist.strings; sourceTree = "<group>"; };
		B384C64416EAFF0F0087F6A2 /* main.m */ = {isa = PBXFileReference; lastKnownFileType = sourcecode.c.objc; path = main.m; sourceTree = "<group>"; };
		B384C64616EAFF0F0087F6A2 /* BetterIPGWClient-Prefix.pch */ = {isa = PBXFileReference; lastKnownFileType = sourcecode.c.h; path = "BetterIPGWClient-Prefix.pch"; sourceTree = "<group>"; };
		B384C64716EAFF100087F6A2 /* BGAppDelegate.h */ = {isa = PBXFileReference; lastKnownFileType = sourcecode.c.h; path = BGAppDelegate.h; sourceTree = "<group>"; };
		B384C64816EAFF100087F6A2 /* BGAppDelegate.m */ = {isa = PBXFileReference; lastKnownFileType = sourcecode.c.objc; path = BGAppDelegate.m; sourceTree = "<group>"; };
		B384C64B16EAFF100087F6A2 /* en */ = {isa = PBXFileReference; lastKnownFileType = file.storyboard; name = en; path = en.lproj/MainStoryboard_iPhone.storyboard; sourceTree = "<group>"; };
		B384C65016EAFF100087F6A2 /* BGFirstViewController.h */ = {isa = PBXFileReference; lastKnownFileType = sourcecode.c.h; path = BGFirstViewController.h; sourceTree = "<group>"; };
		B384C65116EAFF100087F6A2 /* BGFirstViewController.m */ = {isa = PBXFileReference; lastKnownFileType = sourcecode.c.objc; path = BGFirstViewController.m; sourceTree = "<group>"; };
		B384C66316EAFF100087F6A2 /* BetterIPGWClientTests.octest */ = {isa = PBXFileReference; explicitFileType = wrapper.cfbundle; includeInIndex = 0; path = BetterIPGWClientTests.octest; sourceTree = BUILT_PRODUCTS_DIR; };
		B384C66416EAFF100087F6A2 /* SenTestingKit.framework */ = {isa = PBXFileReference; lastKnownFileType = wrapper.framework; name = SenTestingKit.framework; path = Library/Frameworks/SenTestingKit.framework; sourceTree = DEVELOPER_DIR; };
		B384C66C16EAFF100087F6A2 /* BetterIPGWClientTests-Info.plist */ = {isa = PBXFileReference; lastKnownFileType = text.plist.xml; path = "BetterIPGWClientTests-Info.plist"; sourceTree = "<group>"; };
		B384C66E16EAFF100087F6A2 /* en */ = {isa = PBXFileReference; lastKnownFileType = text.plist.strings; name = en; path = en.lproj/InfoPlist.strings; sourceTree = "<group>"; };
		B384C67016EAFF100087F6A2 /* BetterIPGWClientTests.h */ = {isa = PBXFileReference; lastKnownFileType = sourcecode.c.h; path = BetterIPGWClientTests.h; sourceTree = "<group>"; };
		B384C67116EAFF100087F6A2 /* BetterIPGWClientTests.m */ = {isa = PBXFileReference; lastKnownFileType = sourcecode.c.objc; path = BetterIPGWClientTests.m; sourceTree = "<group>"; };
		B384C68016EB0EF20087F6A2 /* Icon.png */ = {isa = PBXFileReference; lastKnownFileType = image.png; path = Icon.png; sourceTree = "<group>"; };
		B384C68216EB0EF50087F6A2 /* Icon@2x.png */ = {isa = PBXFileReference; lastKnownFileType = image.png; path = "Icon@2x.png"; sourceTree = "<group>"; };
		B384C68816EB13FD0087F6A2 /* Icon-72.png */ = {isa = PBXFileReference; lastKnownFileType = image.png; path = "Icon-72.png"; sourceTree = "<group>"; };
		B384C68A16EB14C70087F6A2 /* Icon-144.png */ = {isa = PBXFileReference; lastKnownFileType = image.png; path = "Icon-144.png"; sourceTree = "<group>"; };
		B3A8874B16EB690E0050609D /* Icon-Small-50.png */ = {isa = PBXFileReference; lastKnownFileType = image.png; path = "Icon-Small-50.png"; sourceTree = "<group>"; };
		B3A8874C16EB690E0050609D /* Icon-Small.png */ = {isa = PBXFileReference; lastKnownFileType = image.png; path = "Icon-Small.png"; sourceTree = "<group>"; };
		B3A8874D16EB690E0050609D /* Icon-Small@2x.png */ = {isa = PBXFileReference; lastKnownFileType = image.png; path = "Icon-Small@2x.png"; sourceTree = "<group>"; };
		B3A8874E16EB690E0050609D /* iTunesArtwork */ = {isa = PBXFileReference; lastKnownFileType = file; path = iTunesArtwork; sourceTree = "<group>"; };
		B3F6B89D16EB274C00CF2B80 /* NSData+Base64.h */ = {isa = PBXFileReference; fileEncoding = 4; lastKnownFileType = sourcecode.c.h; path = "NSData+Base64.h"; sourceTree = "<group>"; };
		B3F6B89E16EB274C00CF2B80 /* NSData+Base64.m */ = {isa = PBXFileReference; fileEncoding = 4; lastKnownFileType = sourcecode.c.objc; path = "NSData+Base64.m"; sourceTree = "<group>"; };
		B3F6B89F16EB274C00CF2B80 /* NSDate+RFC1123.h */ = {isa = PBXFileReference; fileEncoding = 4; lastKnownFileType = sourcecode.c.h; path = "NSDate+RFC1123.h"; sourceTree = "<group>"; };
		B3F6B8A016EB274C00CF2B80 /* NSDate+RFC1123.m */ = {isa = PBXFileReference; fileEncoding = 4; lastKnownFileType = sourcecode.c.objc; path = "NSDate+RFC1123.m"; sourceTree = "<group>"; };
		B3F6B8A116EB274C00CF2B80 /* NSDictionary+RequestEncoding.h */ = {isa = PBXFileReference; fileEncoding = 4; lastKnownFileType = sourcecode.c.h; path = "NSDictionary+RequestEncoding.h"; sourceTree = "<group>"; };
		B3F6B8A216EB274C00CF2B80 /* NSDictionary+RequestEncoding.m */ = {isa = PBXFileReference; fileEncoding = 4; lastKnownFileType = sourcecode.c.objc; path = "NSDictionary+RequestEncoding.m"; sourceTree = "<group>"; };
		B3F6B8A316EB274C00CF2B80 /* NSString+MKNetworkKitAdditions.h */ = {isa = PBXFileReference; fileEncoding = 4; lastKnownFileType = sourcecode.c.h; path = "NSString+MKNetworkKitAdditions.h"; sourceTree = "<group>"; };
		B3F6B8A416EB274C00CF2B80 /* NSString+MKNetworkKitAdditions.m */ = {isa = PBXFileReference; fileEncoding = 4; lastKnownFileType = sourcecode.c.objc; path = "NSString+MKNetworkKitAdditions.m"; sourceTree = "<group>"; };
		B3F6B8A516EB274C00CF2B80 /* UIAlertView+MKNetworkKitAdditions.h */ = {isa = PBXFileReference; fileEncoding = 4; lastKnownFileType = sourcecode.c.h; path = "UIAlertView+MKNetworkKitAdditions.h"; sourceTree = "<group>"; };
		B3F6B8A616EB274C00CF2B80 /* UIAlertView+MKNetworkKitAdditions.m */ = {isa = PBXFileReference; fileEncoding = 4; lastKnownFileType = sourcecode.c.objc; path = "UIAlertView+MKNetworkKitAdditions.m"; sourceTree = "<group>"; };
		B3F6B8A716EB274C00CF2B80 /* MKNetworkEngine.h */ = {isa = PBXFileReference; fileEncoding = 4; lastKnownFileType = sourcecode.c.h; path = MKNetworkEngine.h; sourceTree = "<group>"; };
		B3F6B8A816EB274C00CF2B80 /* MKNetworkEngine.m */ = {isa = PBXFileReference; fileEncoding = 4; lastKnownFileType = sourcecode.c.objc; path = MKNetworkEngine.m; sourceTree = "<group>"; };
		B3F6B8A916EB274C00CF2B80 /* MKNetworkKit.h */ = {isa = PBXFileReference; fileEncoding = 4; lastKnownFileType = sourcecode.c.h; path = MKNetworkKit.h; sourceTree = "<group>"; };
		B3F6B8AA16EB274C00CF2B80 /* MKNetworkOperation.h */ = {isa = PBXFileReference; fileEncoding = 4; lastKnownFileType = sourcecode.c.h; path = MKNetworkOperation.h; sourceTree = "<group>"; };
		B3F6B8AB16EB274C00CF2B80 /* MKNetworkOperation.m */ = {isa = PBXFileReference; fileEncoding = 4; lastKnownFileType = sourcecode.c.objc; path = MKNetworkOperation.m; sourceTree = "<group>"; };
		B3F6B8AD16EB274C00CF2B80 /* Reachability.h */ = {isa = PBXFileReference; fileEncoding = 4; lastKnownFileType = sourcecode.c.h; path = Reachability.h; sourceTree = "<group>"; };
		B3F6B8AE16EB274C00CF2B80 /* Reachability.m */ = {isa = PBXFileReference; fileEncoding = 4; lastKnownFileType = sourcecode.c.objc; path = Reachability.m; sourceTree = "<group>"; };
		B3F6B8B716EB279B00CF2B80 /* CFNetwork.framework */ = {isa = PBXFileReference; lastKnownFileType = wrapper.framework; name = CFNetwork.framework; path = System/Library/Frameworks/CFNetwork.framework; sourceTree = SDKROOT; };
		B3F6B8B916EB285600CF2B80 /* SystemConfiguration.framework */ = {isa = PBXFileReference; lastKnownFileType = wrapper.framework; name = SystemConfiguration.framework; path = System/Library/Frameworks/SystemConfiguration.framework; sourceTree = SDKROOT; };
		B3F6B8BB16EB286900CF2B80 /* Security.framework */ = {isa = PBXFileReference; lastKnownFileType = wrapper.framework; name = Security.framework; path = System/Library/Frameworks/Security.framework; sourceTree = SDKROOT; };
		B3F6B8BD16EB2EDF00CF2B80 /* BGNetEngine.h */ = {isa = PBXFileReference; fileEncoding = 4; lastKnownFileType = sourcecode.c.h; path = BGNetEngine.h; sourceTree = "<group>"; };
		B3F6B8BE16EB2EDF00CF2B80 /* BGNetEngine.m */ = {isa = PBXFileReference; fileEncoding = 4; lastKnownFileType = sourcecode.c.objc; path = BGNetEngine.m; sourceTree = "<group>"; };
/* End PBXFileReference section */

/* Begin PBXFrameworksBuildPhase section */
		B384C63116EAFF0F0087F6A2 /* Frameworks */ = {
			isa = PBXFrameworksBuildPhase;
			buildActionMask = 2147483647;
			files = (
				B3F6B8BC16EB286900CF2B80 /* Security.framework in Frameworks */,
				B3F6B8BA16EB285700CF2B80 /* SystemConfiguration.framework in Frameworks */,
				B3F6B8B816EB279B00CF2B80 /* CFNetwork.framework in Frameworks */,
				B384C63916EAFF0F0087F6A2 /* UIKit.framework in Frameworks */,
				B384C63B16EAFF0F0087F6A2 /* Foundation.framework in Frameworks */,
				B384C63D16EAFF0F0087F6A2 /* CoreGraphics.framework in Frameworks */,
			);
			runOnlyForDeploymentPostprocessing = 0;
		};
		B384C65F16EAFF100087F6A2 /* Frameworks */ = {
			isa = PBXFrameworksBuildPhase;
			buildActionMask = 2147483647;
			files = (
				B384C66516EAFF100087F6A2 /* SenTestingKit.framework in Frameworks */,
				B384C66616EAFF100087F6A2 /* UIKit.framework in Frameworks */,
				B384C66716EAFF100087F6A2 /* Foundation.framework in Frameworks */,
			);
			runOnlyForDeploymentPostprocessing = 0;
		};
/* End PBXFrameworksBuildPhase section */

/* Begin PBXGroup section */
		B384C62916EAFF0F0087F6A2 = {
			isa = PBXGroup;
			children = (
				B384C63E16EAFF0F0087F6A2 /* BetterIPGWClient */,
				B384C67F16EB0E150087F6A2 /* resources */,
				B3F6B89B16EB274C00CF2B80 /* MKNetworkKit */,
				B384C66A16EAFF100087F6A2 /* BetterIPGWClientTests */,
				B384C63716EAFF0F0087F6A2 /* Frameworks */,
				B384C63516EAFF0F0087F6A2 /* Products */,
			);
			sourceTree = "<group>";
		};
		B384C63516EAFF0F0087F6A2 /* Products */ = {
			isa = PBXGroup;
			children = (
				B384C63416EAFF0F0087F6A2 /* PKU Gateway.app */,
				B384C66316EAFF100087F6A2 /* BetterIPGWClientTests.octest */,
			);
			name = Products;
			sourceTree = "<group>";
		};
		B384C63716EAFF0F0087F6A2 /* Frameworks */ = {
			isa = PBXGroup;
			children = (
				B3F6B8BB16EB286900CF2B80 /* Security.framework */,
				B3F6B8B916EB285600CF2B80 /* SystemConfiguration.framework */,
				B3F6B8B716EB279B00CF2B80 /* CFNetwork.framework */,
				B384C63816EAFF0F0087F6A2 /* UIKit.framework */,
				B384C63A16EAFF0F0087F6A2 /* Foundation.framework */,
				B384C63C16EAFF0F0087F6A2 /* CoreGraphics.framework */,
				B384C66416EAFF100087F6A2 /* SenTestingKit.framework */,
			);
			name = Frameworks;
			sourceTree = "<group>";
		};
		B384C63E16EAFF0F0087F6A2 /* BetterIPGWClient */ = {
			isa = PBXGroup;
			children = (
				B384C64716EAFF100087F6A2 /* BGAppDelegate.h */,
				B384C64816EAFF100087F6A2 /* BGAppDelegate.m */,
				B384C64A16EAFF100087F6A2 /* MainStoryboard_iPhone.storyboard */,
				B384C65016EAFF100087F6A2 /* BGFirstViewController.h */,
				B384C65116EAFF100087F6A2 /* BGFirstViewController.m */,
				B3F6B8BD16EB2EDF00CF2B80 /* BGNetEngine.h */,
				B3F6B8BE16EB2EDF00CF2B80 /* BGNetEngine.m */,
				B384C63F16EAFF0F0087F6A2 /* Supporting Files */,
			);
			path = BetterIPGWClient;
			sourceTree = "<group>";
		};
		B384C63F16EAFF0F0087F6A2 /* Supporting Files */ = {
			isa = PBXGroup;
			children = (
				B384C64016EAFF0F0087F6A2 /* BetterIPGWClient-Info.plist */,
				B384C64116EAFF0F0087F6A2 /* InfoPlist.strings */,
				B384C64416EAFF0F0087F6A2 /* main.m */,
				B384C64616EAFF0F0087F6A2 /* BetterIPGWClient-Prefix.pch */,
			);
			name = "Supporting Files";
			sourceTree = "<group>";
		};
		B384C66A16EAFF100087F6A2 /* BetterIPGWClientTests */ = {
			isa = PBXGroup;
			children = (
				B384C67016EAFF100087F6A2 /* BetterIPGWClientTests.h */,
				B384C67116EAFF100087F6A2 /* BetterIPGWClientTests.m */,
				B384C66B16EAFF100087F6A2 /* Supporting Files */,
			);
			path = BetterIPGWClientTests;
			sourceTree = "<group>";
		};
		B384C66B16EAFF100087F6A2 /* Supporting Files */ = {
			isa = PBXGroup;
			children = (
				B384C66C16EAFF100087F6A2 /* BetterIPGWClientTests-Info.plist */,
				B384C66D16EAFF100087F6A2 /* InfoPlist.strings */,
			);
			name = "Supporting Files";
			sourceTree = "<group>";
		};
		B384C67F16EB0E150087F6A2 /* resources */ = {
			isa = PBXGroup;
			children = (
				B384C68216EB0EF50087F6A2 /* Icon@2x.png */,
				B384C68016EB0EF20087F6A2 /* Icon.png */,
				B384C68A16EB14C70087F6A2 /* Icon-144.png */,
				B384C68816EB13FD0087F6A2 /* Icon-72.png */,
				B3A8874B16EB690E0050609D /* Icon-Small-50.png */,
				B3A8874C16EB690E0050609D /* Icon-Small.png */,
				B3A8874D16EB690E0050609D /* Icon-Small@2x.png */,
				B3A8874E16EB690E0050609D /* iTunesArtwork */,
			);
			name = resources;
			sourceTree = "<group>";
		};
		B3F6B89B16EB274C00CF2B80 /* MKNetworkKit */ = {
			isa = PBXGroup;
			children = (
				B3F6B89C16EB274C00CF2B80 /* Categories */,
				B3F6B8A716EB274C00CF2B80 /* MKNetworkEngine.h */,
				B3F6B8A816EB274C00CF2B80 /* MKNetworkEngine.m */,
				B3F6B8A916EB274C00CF2B80 /* MKNetworkKit.h */,
				B3F6B8AA16EB274C00CF2B80 /* MKNetworkOperation.h */,
				B3F6B8AB16EB274C00CF2B80 /* MKNetworkOperation.m */,
				B3F6B8AC16EB274C00CF2B80 /* Reachability */,
			);
			path = MKNetworkKit;
			sourceTree = "<group>";
		};
		B3F6B89C16EB274C00CF2B80 /* Categories */ = {
			isa = PBXGroup;
			children = (
				B3F6B89D16EB274C00CF2B80 /* NSData+Base64.h */,
				B3F6B89E16EB274C00CF2B80 /* NSData+Base64.m */,
				B3F6B89F16EB274C00CF2B80 /* NSDate+RFC1123.h */,
				B3F6B8A016EB274C00CF2B80 /* NSDate+RFC1123.m */,
				B3F6B8A116EB274C00CF2B80 /* NSDictionary+RequestEncoding.h */,
				B3F6B8A216EB274C00CF2B80 /* NSDictionary+RequestEncoding.m */,
				B3F6B8A316EB274C00CF2B80 /* NSString+MKNetworkKitAdditions.h */,
				B3F6B8A416EB274C00CF2B80 /* NSString+MKNetworkKitAdditions.m */,
				B3F6B8A516EB274C00CF2B80 /* UIAlertView+MKNetworkKitAdditions.h */,
				B3F6B8A616EB274C00CF2B80 /* UIAlertView+MKNetworkKitAdditions.m */,
			);
			path = Categories;
			sourceTree = "<group>";
		};
		B3F6B8AC16EB274C00CF2B80 /* Reachability */ = {
			isa = PBXGroup;
			children = (
				B3F6B8AD16EB274C00CF2B80 /* Reachability.h */,
				B3F6B8AE16EB274C00CF2B80 /* Reachability.m */,
			);
			path = Reachability;
			sourceTree = "<group>";
		};
/* End PBXGroup section */

/* Begin PBXNativeTarget section */
		B384C63316EAFF0F0087F6A2 /* BetterIPGWClient */ = {
			isa = PBXNativeTarget;
			buildConfigurationList = B384C67516EAFF100087F6A2 /* Build configuration list for PBXNativeTarget "BetterIPGWClient" */;
			buildPhases = (
				B384C63016EAFF0F0087F6A2 /* Sources */,
				B384C63116EAFF0F0087F6A2 /* Frameworks */,
				B384C63216EAFF0F0087F6A2 /* Resources */,
			);
			buildRules = (
			);
			dependencies = (
			);
			name = BetterIPGWClient;
			productName = BetterIPGWClient;
			productReference = B384C63416EAFF0F0087F6A2 /* PKU Gateway.app */;
			productType = "com.apple.product-type.application";
		};
		B384C66216EAFF100087F6A2 /* BetterIPGWClientTests */ = {
			isa = PBXNativeTarget;
			buildConfigurationList = B384C67816EAFF100087F6A2 /* Build configuration list for PBXNativeTarget "BetterIPGWClientTests" */;
			buildPhases = (
				B384C65E16EAFF100087F6A2 /* Sources */,
				B384C65F16EAFF100087F6A2 /* Frameworks */,
				B384C66016EAFF100087F6A2 /* Resources */,
				B384C66116EAFF100087F6A2 /* ShellScript */,
			);
			buildRules = (
			);
			dependencies = (
				B384C66916EAFF100087F6A2 /* PBXTargetDependency */,
			);
			name = BetterIPGWClientTests;
			productName = BetterIPGWClientTests;
			productReference = B384C66316EAFF100087F6A2 /* BetterIPGWClientTests.octest */;
			productType = "com.apple.product-type.bundle";
		};
/* End PBXNativeTarget section */

/* Begin PBXProject section */
		B384C62B16EAFF0F0087F6A2 /* Project object */ = {
			isa = PBXProject;
			attributes = {
				CLASSPREFIX = BG;
				LastUpgradeCheck = 0430;
			};
			buildConfigurationList = B384C62E16EAFF0F0087F6A2 /* Build configuration list for PBXProject "BetterIPGWClient" */;
			compatibilityVersion = "Xcode 3.2";
			developmentRegion = English;
			hasScannedForEncodings = 0;
			knownRegions = (
				en,
			);
			mainGroup = B384C62916EAFF0F0087F6A2;
			productRefGroup = B384C63516EAFF0F0087F6A2 /* Products */;
			projectDirPath = "";
			projectRoot = "";
			targets = (
				B384C63316EAFF0F0087F6A2 /* BetterIPGWClient */,
				B384C66216EAFF100087F6A2 /* BetterIPGWClientTests */,
			);
		};
/* End PBXProject section */

/* Begin PBXResourcesBuildPhase section */
		B384C63216EAFF0F0087F6A2 /* Resources */ = {
			isa = PBXResourcesBuildPhase;
			buildActionMask = 2147483647;
			files = (
				B384C64316EAFF0F0087F6A2 /* InfoPlist.strings in Resources */,
				B384C64C16EAFF100087F6A2 /* MainStoryboard_iPhone.storyboard in Resources */,
				B384C68116EB0EF20087F6A2 /* Icon.png in Resources */,
				B384C68316EB0EF50087F6A2 /* Icon@2x.png in Resources */,
				B384C68916EB13FD0087F6A2 /* Icon-72.png in Resources */,
				B384C68B16EB14C70087F6A2 /* Icon-144.png in Resources */,
				B3A8874F16EB690F0050609D /* Icon-Small-50.png in Resources */,
				B3A8875016EB690F0050609D /* Icon-Small.png in Resources */,
				B3A8875116EB690F0050609D /* Icon-Small@2x.png in Resources */,
				B3A8875216EB690F0050609D /* iTunesArtwork in Resources */,
			);
			runOnlyForDeploymentPostprocessing = 0;
		};
		B384C66016EAFF100087F6A2 /* Resources */ = {
			isa = PBXResourcesBuildPhase;
			buildActionMask = 2147483647;
			files = (
				B384C66F16EAFF100087F6A2 /* InfoPlist.strings in Resources */,
			);
			runOnlyForDeploymentPostprocessing = 0;
		};
/* End PBXResourcesBuildPhase section */

/* Begin PBXShellScriptBuildPhase section */
		B384C66116EAFF100087F6A2 /* ShellScript */ = {
			isa = PBXShellScriptBuildPhase;
			buildActionMask = 2147483647;
			files = (
			);
			inputPaths = (
			);
			outputPaths = (
			);
			runOnlyForDeploymentPostprocessing = 0;
			shellPath = /bin/sh;
			shellScript = "# Run the unit tests in this test bundle.\n\"${SYSTEM_DEVELOPER_DIR}/Tools/RunUnitTests\"\n";
		};
/* End PBXShellScriptBuildPhase section */

/* Begin PBXSourcesBuildPhase section */
		B384C63016EAFF0F0087F6A2 /* Sources */ = {
			isa = PBXSourcesBuildPhase;
			buildActionMask = 2147483647;
			files = (
				B384C64516EAFF0F0087F6A2 /* main.m in Sources */,
				B384C64916EAFF100087F6A2 /* BGAppDelegate.m in Sources */,
				B384C65216EAFF100087F6A2 /* BGFirstViewController.m in Sources */,
				B3F6B8AF16EB274C00CF2B80 /* NSData+Base64.m in Sources */,
				B3F6B8B016EB274C00CF2B80 /* NSDate+RFC1123.m in Sources */,
				B3F6B8B116EB274C00CF2B80 /* NSDictionary+RequestEncoding.m in Sources */,
				B3F6B8B216EB274C00CF2B80 /* NSString+MKNetworkKitAdditions.m in Sources */,
				B3F6B8B316EB274C00CF2B80 /* UIAlertView+MKNetworkKitAdditions.m in Sources */,
				B3F6B8B416EB274C00CF2B80 /* MKNetworkEngine.m in Sources */,
				B3F6B8B516EB274C00CF2B80 /* MKNetworkOperation.m in Sources */,
				B3F6B8B616EB274C00CF2B80 /* Reachability.m in Sources */,
				B3F6B8BF16EB2EDF00CF2B80 /* BGNetEngine.m in Sources */,
			);
			runOnlyForDeploymentPostprocessing = 0;
		};
		B384C65E16EAFF100087F6A2 /* Sources */ = {
			isa = PBXSourcesBuildPhase;
			buildActionMask = 2147483647;
			files = (
				B384C67216EAFF100087F6A2 /* BetterIPGWClientTests.m in Sources */,
			);
			runOnlyForDeploymentPostprocessing = 0;
		};
/* End PBXSourcesBuildPhase section */

/* Begin PBXTargetDependency section */
		B384C66916EAFF100087F6A2 /* PBXTargetDependency */ = {
			isa = PBXTargetDependency;
			target = B384C63316EAFF0F0087F6A2 /* BetterIPGWClient */;
			targetProxy = B384C66816EAFF100087F6A2 /* PBXContainerItemProxy */;
		};
/* End PBXTargetDependency section */

/* Begin PBXVariantGroup section */
		B384C64116EAFF0F0087F6A2 /* InfoPlist.strings */ = {
			isa = PBXVariantGroup;
			children = (
				B384C64216EAFF0F0087F6A2 /* en */,
			);
			name = InfoPlist.strings;
			sourceTree = "<group>";
		};
		B384C64A16EAFF100087F6A2 /* MainStoryboard_iPhone.storyboard */ = {
			isa = PBXVariantGroup;
			children = (
				B384C64B16EAFF100087F6A2 /* en */,
			);
			name = MainStoryboard_iPhone.storyboard;
			sourceTree = "<group>";
		};
		B384C66D16EAFF100087F6A2 /* InfoPlist.strings */ = {
			isa = PBXVariantGroup;
			children = (
				B384C66E16EAFF100087F6A2 /* en */,
			);
			name = InfoPlist.strings;
			sourceTree = "<group>";
		};
/* End PBXVariantGroup section */

/* Begin XCBuildConfiguration section */
		B384C67316EAFF100087F6A2 /* Debug */ = {
			isa = XCBuildConfiguration;
			buildSettings = {
				ALWAYS_SEARCH_USER_PATHS = NO;
				ARCHS = "$(ARCHS_STANDARD_32_BIT)";
				CLANG_ENABLE_OBJC_ARC = YES;
				CODE_SIGN_IDENTITY = "iPhone Distribution: Renjie Xu";
				"CODE_SIGN_IDENTITY[sdk=iphoneos*]" = "iPhone Developer";
				COPY_PHASE_STRIP = NO;
				GCC_C_LANGUAGE_STANDARD = gnu99;
				GCC_DYNAMIC_NO_PIC = NO;
				GCC_OPTIMIZATION_LEVEL = 0;
				GCC_PREPROCESSOR_DEFINITIONS = (
					"DEBUG=1",
					"$(inherited)",
				);
				GCC_SYMBOLS_PRIVATE_EXTERN = NO;
				GCC_VERSION = com.apple.compilers.llvm.clang.1_0;
				GCC_WARN_ABOUT_RETURN_TYPE = YES;
				GCC_WARN_UNINITIALIZED_AUTOS = YES;
				GCC_WARN_UNUSED_VARIABLE = YES;
				IPHONEOS_DEPLOYMENT_TARGET = 5.0;
				PROVISIONING_PROFILE = "E778F22C-41D7-46E9-A082-9A1ABC3F6E74";
				SDKROOT = iphoneos;
				TARGETED_DEVICE_FAMILY = "1,2";
			};
			name = Debug;
		};
		B384C67416EAFF100087F6A2 /* Release */ = {
			isa = XCBuildConfiguration;
			buildSettings = {
				ALWAYS_SEARCH_USER_PATHS = NO;
				ARCHS = "$(ARCHS_STANDARD_32_BIT)";
				CLANG_ENABLE_OBJC_ARC = YES;
				CODE_SIGN_IDENTITY = "iPhone Distribution: Renjie Xu";
				"CODE_SIGN_IDENTITY[sdk=iphoneos*]" = "iPhone Developer";
				COPY_PHASE_STRIP = YES;
				GCC_C_LANGUAGE_STANDARD = gnu99;
				GCC_VERSION = com.apple.compilers.llvm.clang.1_0;
				GCC_WARN_ABOUT_RETURN_TYPE = YES;
				GCC_WARN_UNINITIALIZED_AUTOS = YES;
				GCC_WARN_UNUSED_VARIABLE = YES;
				IPHONEOS_DEPLOYMENT_TARGET = 5.0;
				OTHER_CFLAGS = "-DNS_BLOCK_ASSERTIONS=1";
				PROVISIONING_PROFILE = "E778F22C-41D7-46E9-A082-9A1ABC3F6E74";
				SDKROOT = iphoneos;
				TARGETED_DEVICE_FAMILY = "1,2";
				VALIDATE_PRODUCT = YES;
			};
			name = Release;
		};
		B384C67616EAFF100087F6A2 /* Debug */ = {
			isa = XCBuildConfiguration;
			buildSettings = {
				CODE_SIGN_IDENTITY = "iPhone Developer: Zhiwei Dai (5FL2NQYC6V)";
				GCC_PRECOMPILE_PREFIX_HEADER = YES;
				GCC_PREFIX_HEADER = "BetterIPGWClient/BetterIPGWClient-Prefix.pch";
				INFOPLIST_FILE = "BetterIPGWClient/BetterIPGWClient-Info.plist";
				PRODUCT_NAME = "PKU Gateway";
				PROVISIONING_PROFILE = "DC6566D7-56D6-407D-AE6D-79C20DCEEFE4";
				WRAPPER_EXTENSION = app;
			};
			name = Debug;
		};
		B384C67716EAFF100087F6A2 /* Release */ = {
			isa = XCBuildConfiguration;
			buildSettings = {
				CODE_SIGN_IDENTITY = "iPhone Developer: Zhiwei Dai (5FL2NQYC6V)";
				GCC_PRECOMPILE_PREFIX_HEADER = YES;
				GCC_PREFIX_HEADER = "BetterIPGWClient/BetterIPGWClient-Prefix.pch";
				INFOPLIST_FILE = "BetterIPGWClient/BetterIPGWClient-Info.plist";
				PRODUCT_NAME = "PKU Gateway";
				PROVISIONING_PROFILE = "DC6566D7-56D6-407D-AE6D-79C20DCEEFE4";
				WRAPPER_EXTENSION = app;
			};
			name = Release;
		};
		B384C67916EAFF100087F6A2 /* Debug */ = {
			isa = XCBuildConfiguration;
			buildSettings = {
				BUNDLE_LOADER = "$(BUILT_PRODUCTS_DIR)/BetterIPGWClient.app/BetterIPGWClient";
				FRAMEWORK_SEARCH_PATHS = (
					"$(SDKROOT)/Developer/Library/Frameworks",
					"$(DEVELOPER_LIBRARY_DIR)/Frameworks",
				);
				GCC_PRECOMPILE_PREFIX_HEADER = YES;
				GCC_PREFIX_HEADER = "BetterIPGWClient/BetterIPGWClient-Prefix.pch";
				INFOPLIST_FILE = "BetterIPGWClientTests/BetterIPGWClientTests-Info.plist";
				PRODUCT_NAME = "$(TARGET_NAME)";
				TEST_HOST = "$(BUNDLE_LOADER)";
				WRAPPER_EXTENSION = octest;
			};
			name = Debug;
		};
		B384C67A16EAFF100087F6A2 /* Release */ = {
			isa = XCBuildConfiguration;
			buildSettings = {
				BUNDLE_LOADER = "$(BUILT_PRODUCTS_DIR)/BetterIPGWClient.app/BetterIPGWClient";
				FRAMEWORK_SEARCH_PATHS = (
					"$(SDKROOT)/Developer/Library/Frameworks",
					"$(DEVELOPER_LIBRARY_DIR)/Frameworks",
				);
				GCC_PRECOMPILE_PREFIX_HEADER = YES;
				GCC_PREFIX_HEADER = "BetterIPGWClient/BetterIPGWClient-Prefix.pch";
				INFOPLIST_FILE = "BetterIPGWClientTests/BetterIPGWClientTests-Info.plist";
				PRODUCT_NAME = "$(TARGET_NAME)";
				TEST_HOST = "$(BUNDLE_LOADER)";
				WRAPPER_EXTENSION = octest;
			};
			name = Release;
		};
/* End XCBuildConfiguration section */

/* Begin XCConfigurationList section */
		B384C62E16EAFF0F0087F6A2 /* Build configuration list for PBXProject "BetterIPGWClient" */ = {
			isa = XCConfigurationList;
			buildConfigurations = (
				B384C67316EAFF100087F6A2 /* Debug */,
				B384C67416EAFF100087F6A2 /* Release */,
			);
			defaultConfigurationIsVisible = 0;
			defaultConfigurationName = Release;
		};
		B384C67516EAFF100087F6A2 /* Build configuration list for PBXNativeTarget "BetterIPGWClient" */ = {
			isa = XCConfigurationList;
			buildConfigurations = (
				B384C67616EAFF100087F6A2 /* Debug */,
				B384C67716EAFF100087F6A2 /* Release */,
			);
			defaultConfigurationIsVisible = 0;
			defaultConfigurationName = Release;
		};
		B384C67816EAFF100087F6A2 /* Build configuration list for PBXNativeTarget "BetterIPGWClientTests" */ = {
			isa = XCConfigurationList;
			buildConfigurations = (
				B384C67916EAFF100087F6A2 /* Debug */,
				B384C67A16EAFF100087F6A2 /* Release */,
			);
			defaultConfigurationIsVisible = 0;
			defaultConfigurationName = Release;
		};
/* End XCConfigurationList section */
	};
	rootObject = B384C62B16EAFF0F0087F6A2 /* Project object */;
}
